{
    "_readme": [
        "This file locks the dependencies of your project to a known state",
        "Read more about it at https://getcomposer.org/doc/01-basic-usage.md#installing-dependencies",
        "This file is @generated automatically"
    ],
    "content-hash": "6d4dd6ed824e93c7a7539c8d4474337c",
    "packages": [
        {
            "name": "facebook/graph-sdk",
            "version": "5.6.3",
            "source": {
                "type": "git",
                "url": "https://github.com/facebook/php-graph-sdk.git",
                "reference": "90e92bd1816fe718e55184ab85910dfcf488432c"
            },
            "dist": {
                "type": "zip",
                "url": "https://api.github.com/repos/facebook/php-graph-sdk/zipball/90e92bd1816fe718e55184ab85910dfcf488432c",
                "reference": "90e92bd1816fe718e55184ab85910dfcf488432c",
                "shasum": ""
            },
            "require": {
                "php": "^5.4|^7.0"
            },
            "require-dev": {
                "guzzlehttp/guzzle": "~5.0",
                "mockery/mockery": "~0.8",
                "phpunit/phpunit": "~4.0"
            },
            "suggest": {
                "guzzlehttp/guzzle": "Allows for implementation of the Guzzle HTTP client",
                "paragonie/random_compat": "Provides a better CSPRNG option in PHP 5"
            },
            "type": "library",
            "extra": {
                "branch-alias": {
                    "dev-master": "5.x-dev"
                }
            },
            "autoload": {
                "psr-4": {
                    "Facebook\\": "src/Facebook/"
                },
                "files": [
                    "src/Facebook/polyfills.php"
                ]
            },
            "notification-url": "https://packagist.org/downloads/",
            "license": [
                "Facebook Platform"
            ],
            "authors": [
                {
                    "name": "Facebook",
                    "homepage": "https://github.com/facebook/php-graph-sdk/contributors"
                }
            ],
            "description": "Facebook SDK for PHP",
            "homepage": "https://github.com/facebook/php-graph-sdk",
            "keywords": [
                "facebook",
                "sdk"
            ],
            "time": "2018-07-03T02:25:00+00:00"
        },
        {
            "name": "nabil1337/case-helper",
            "version": "0.1.0",
            "source": {
                "type": "git",
                "url": "https://github.com/nabil1337/case-helper.git",
                "reference": "8cead5fe6470402d127ae0d759168f9778078992"
            },
            "dist": {
                "type": "zip",
                "url": "https://api.github.com/repos/nabil1337/case-helper/zipball/8cead5fe6470402d127ae0d759168f9778078992",
                "reference": "8cead5fe6470402d127ae0d759168f9778078992",
                "shasum": ""
            },
            "require-dev": {
                "phpunit/phpunit": "4.4.0"
            },
            "type": "library",
            "autoload": {
                "psr-4": {
                    "CaseHelper\\": "src/",
                    "CaseHelper\\Test\\": "tests/"
                }
            },
            "notification-url": "https://packagist.org/downloads/",
            "license": [
                "MIT"
            ],
            "description": "Easily convert between camelCase, PascalCase, kebab-case, snake_case, SCREAMING_SNAKE_CASE, Train-Case, and string case!",
            "time": "2014-12-06T02:33:17+00:00"
        }
    ],
    "packages-dev": [],
    "aliases": [],
    "minimum-stability": "stable",
    "stability-flags": [],
    "prefer-stable": false,
    "prefer-lowest": false,
    "platform": [],
    "platform-dev": []
}
